
Microsoft Visual Studio Solution File, Format Version 12.00
# Visual Studio Version 17
VisualStudioVersion = 17.7.34031.279
MinimumVisualStudioVersion = 10.0.40219.1
Project("{FAE04EC0-301F-11D3-BF4B-00C04F79EFBC}") = "DotNET Assembly Probing and privatePath", "DotNET Assembly Probing and privatePath\DotNET Assembly Probing and privatePath.csproj", "{2D9ABFF2-09AC-439E-ADAB-09F480E6AE11}"
EndProject
Global
	GlobalSection(SolutionConfigurationPlatforms) = preSolution
		Debug|Any CPU = Debug|Any CPU
		Release|Any CPU = Release|Any CPU
	EndGlobalSection
	GlobalSection(ProjectConfigurationPlatforms) = postSolution
		{2D9ABFF2-09AC-439E-ADAB-09F480E6AE11}.Debug|Any CPU.ActiveCfg = Debug|Any CPU
		{2D9ABFF2-09AC-439E-ADAB-09F480E6AE11}.Debug|Any CPU.Build.0 = Debug|Any CPU
		{2D9ABFF2-09AC-439E-ADAB-09F480E6AE11}.Release|Any CPU.ActiveCfg = Release|Any CPU
		{2D9ABFF2-09AC-439E-ADAB-09F480E6AE11}.Release|Any CPU.Build.0 = Release|Any CPU
	EndGlobalSection
	GlobalSection(SolutionProperties) = preSolution
		HideSolutionNode = FALSE
	EndGlobalSection
	GlobalSection(ExtensibilityGlobals) = postSolution
		SolutionGuid = {0F634B1D-1C2D-4B61-92FF-61780B0D6B4D}
	EndGlobalSection
EndGlobal
